
Microsoft Visual Studio Solution File, Format Version 12.00
# Visual Studio Version 16
VisualStudioVersion = 16.0.30804.86
MinimumVisualStudioVersion = 10.0.40219.1
Project("{FAE04EC0-301F-11D3-BF4B-00C04F79EFBC}") = "Школа_КузьминаАА", "Школа_КузьминаАА\Школа_КузьминаАА.csproj", "{61B9432D-B661-406C-8494-720C75D89898}"
EndProject
Global
	GlobalSection(SolutionConfigurationPlatforms) = preSolution
		Debug|Any CPU = Debug|Any CPU
		Release|Any CPU = Release|Any CPU
	EndGlobalSection
	GlobalSection(ProjectConfigurationPlatforms) = postSolution
		{61B9432D-B661-406C-8494-720C75D89898}.Debug|Any CPU.ActiveCfg = Debug|Any CPU
		{61B9432D-B661-406C-8494-720C75D89898}.Debug|Any CPU.Build.0 = Debug|Any CPU
		{61B9432D-B661-406C-8494-720C75D89898}.Release|Any CPU.ActiveCfg = Release|Any CPU
		{61B9432D-B661-406C-8494-720C75D89898}.Release|Any CPU.Build.0 = Release|Any CPU
	EndGlobalSection
	GlobalSection(SolutionProperties) = preSolution
		HideSolutionNode = FALSE
	EndGlobalSection
	GlobalSection(ExtensibilityGlobals) = postSolution
		SolutionGuid = {E3CDF1C4-8138-457F-ACDA-718678C16F87}
	EndGlobalSection
EndGlobal
